// !$*UTF8*$!
{
	archiveVersion = 1;
	classes = {
	};
	objectVersion = 46;
	objects = {

/* Begin PBXBuildFile section */
		7554C2551D7800C900690997 /* main.m in Sources */ = {isa = PBXBuildFile; fileRef = 7554C2541D7800C900690997 /* main.m */; };
		7554C2581D7800C900690997 /* AppDelegate.m in Sources */ = {isa = PBXBuildFile; fileRef = 7554C2571D7800C900690997 /* AppDelegate.m */; };
		7554C25B1D7800C900690997 /* ViewController.m in Sources */ = {isa = PBXBuildFile; fileRef = 7554C25A1D7800C900690997 /* ViewController.m */; };
		7554C25E1D7800C900690997 /* Main.storyboard in Resources */ = {isa = PBXBuildFile; fileRef = 7554C25C1D7800C900690997 /* Main.storyboard */; };
		7554C2601D7800C900690997 /* Assets.xcassets in Resources */ = {isa = PBXBuildFile; fileRef = 7554C25F1D7800C900690997 /* Assets.xcassets */; };
		7554C2631D7800C900690997 /* LaunchScreen.storyboard in Resources */ = {isa = PBXBuildFile; fileRef = 7554C2611D7800C900690997 /* LaunchScreen.storyboard */; };
		7554C26E1D7800CA00690997 /* JsvaScriptsCoreForTestTests.m in Sources */ = {isa = PBXBuildFile; fileRef = 7554C26D1D7800CA00690997 /* JsvaScriptsCoreForTestTests.m */; };
		7554C2791D7800CA00690997 /* JsvaScriptsCoreForTestUITests.m in Sources */ = {isa = PBXBuildFile; fileRef = 7554C2781D7800CA00690997 /* JsvaScriptsCoreForTestUITests.m */; };
/* End PBXBuildFile section */

/* Begin PBXContainerItemProxy section */
		7554C26A1D7800CA00690997 /* PBXContainerItemProxy */ = {
			isa = PBXContainerItemProxy;
			containerPortal = 7554C2481D7800C900690997 /* Project object */;
			proxyType = 1;
			remoteGlobalIDString = 7554C24F1D7800C900690997;
			remoteInfo = JsvaScriptsCoreForTest;
		};
		7554C2751D7800CA00690997 /* PBXContainerItemProxy */ = {
			isa = PBXContainerItemProxy;
			containerPortal = 7554C2481D7800C900690997 /* Project object */;
			proxyType = 1;
			remoteGlobalIDString = 7554C24F1D7800C900690997;
			remoteInfo = JsvaScriptsCoreForTest;
		};
/* End PBXContainerItemProxy section */

/* Begin PBXFileReference section */
		7554C2501D7800C900690997 /* JsvaScriptsCoreForTest.app */ = {isa = PBXFileReference; explicitFileType = wrapper.application; includeInIndex = 0; path = JsvaScriptsCoreForTest.app; sourceTree = BUILT_PRODUCTS_DIR; };
		7554C2541D7800C900690997 /* main.m */ = {isa = PBXFileReference; lastKnownFileType = sourcecode.c.objc; path = main.m; sourceTree = "<group>"; };
		7554C2561D7800C900690997 /* AppDelegate.h */ = {isa = PBXFileReference; lastKnownFileType = sourcecode.c.h; path = AppDelegate.h; sourceTree = "<group>"; };
		7554C2571D7800C900690997 /* AppDelegate.m */ = {isa = PBXFileReference; lastKnownFileType = sourcecode.c.objc; path = AppDelegate.m; sourceTree = "<group>"; };
		7554C2591D7800C900690997 /* ViewController.h */ = {isa = PBXFileReference; lastKnownFileType = sourcecode.c.h; path = ViewController.h; sourceTree = "<group>"; };
		7554C25A1D7800C900690997 /* ViewController.m */ = {isa = PBXFileReference; lastKnownFileType = sourcecode.c.objc; path = ViewController.m; sourceTree = "<group>"; };
		7554C25D1D7800C900690997 /* Base */ = {isa = PBXFileReference; lastKnownFileType = file.storyboard; name = Base; path = Base.lproj/Main.storyboard; sourceTree = "<group>"; };
		7554C25F1D7800C900690997 /* Assets.xcassets */ = {isa = PBXFileReference; lastKnownFileType = folder.assetcatalog; path = Assets.xcassets; sourceTree = "<group>"; };
		7554C2621D7800C900690997 /* Base */ = {isa = PBXFileReference; lastKnownFileType = file.storyboard; name = Base; path = Base.lproj/LaunchScreen.storyboard; sourceTree = "<group>"; };
		7554C2641D7800CA00690997 /* Info.plist */ = {isa = PBXFileReference; lastKnownFileType = text.plist.xml; path = Info.plist; sourceTree = "<group>"; };
		7554C2691D7800CA00690997 /* JsvaScriptsCoreForTestTests.xctest */ = {isa = PBXFileReference; explicitFileType = wrapper.cfbundle; includeInIndex = 0; path = JsvaScriptsCoreForTestTests.xctest; sourceTree = BUILT_PRODUCTS_DIR; };
		7554C26D1D7800CA00690997 /* JsvaScriptsCoreForTestTests.m */ = {isa = PBXFileReference; lastKnownFileType = sourcecode.c.objc; path = JsvaScriptsCoreForTestTests.m; sourceTree = "<group>"; };
		7554C26F1D7800CA00690997 /* Info.plist */ = {isa = PBXFileReference; lastKnownFileType = text.plist.xml; path = Info.plist; sourceTree = "<group>"; };
		7554C2741D7800CA00690997 /* JsvaScriptsCoreForTestUITests.xctest */ = {isa = PBXFileReference; explicitFileType = wrapper.cfbundle; includeInIndex = 0; path = JsvaScriptsCoreForTestUITests.xctest; sourceTree = BUILT_PRODUCTS_DIR; };
		7554C2781D7800CA00690997 /* JsvaScriptsCoreForTestUITests.m */ = {isa = PBXFileReference; lastKnownFileType = sourcecode.c.objc; path = JsvaScriptsCoreForTestUITests.m; sourceTree = "<group>"; };
		7554C27A1D7800CA00690997 /* Info.plist */ = {isa = PBXFileReference; lastKnownFileType = text.plist.xml; path = Info.plist; sourceTree = "<group>"; };
/* End PBXFileReference section */

/* Begin PBXFrameworksBuildPhase section */
		7554C24D1D7800C900690997 /* Frameworks */ = {
			isa = PBXFrameworksBuildPhase;
			buildActionMask = 2147483647;
			files = (
			);
			runOnlyForDeploymentPostprocessing = 0;
		};
		7554C2661D7800CA00690997 /* Frameworks */ = {
			isa = PBXFrameworksBuildPhase;
			buildActionMask = 2147483647;
			files = (
			);
			runOnlyForDeploymentPostprocessing = 0;
		};
		7554C2711D7800CA00690997 /* Frameworks */ = {
			isa = PBXFrameworksBuildPhase;
			buildActionMask = 2147483647;
			files = (
			);
			runOnlyForDeploymentPostprocessing = 0;
		};
/* End PBXFrameworksBuildPhase section */

/* Begin PBXGroup section */
		7554C2471D7800C900690997 = {
			isa = PBXGroup;
			children = (
				7554C2521D7800C900690997 /* JsvaScriptsCoreForTest */,
				7554C26C1D7800CA00690997 /* JsvaScriptsCoreForTestTests */,
				7554C2771D7800CA00690997 /* JsvaScriptsCoreForTestUITests */,
				7554C2511D7800C900690997 /* Products */,
			);
			sourceTree = "<group>";
		};
		7554C2511D7800C900690997 /* Products */ = {
			isa = PBXGroup;
			children = (
				7554C2501D7800C900690997 /* JsvaScriptsCoreForTest.app */,
				7554C2691D7800CA00690997 /* JsvaScriptsCoreForTestTests.xctest */,
				7554C2741D7800CA00690997 /* JsvaScriptsCoreForTestUITests.xctest */,
			);
			name = Products;
			sourceTree = "<group>";
		};
		7554C2521D7800C900690997 /* JsvaScriptsCoreForTest */ = {
			isa = PBXGroup;
			children = (
				7554C2561D7800C900690997 /* AppDelegate.h */,
				7554C2571D7800C900690997 /* AppDelegate.m */,
				7554C2591D7800C900690997 /* ViewController.h */,
				7554C25A1D7800C900690997 /* ViewController.m */,
				7554C25C1D7800C900690997 /* Main.storyboard */,
				7554C25F1D7800C900690997 /* Assets.xcassets */,
				7554C2611D7800C900690997 /* LaunchScreen.storyboard */,
				7554C2641D7800CA00690997 /* Info.plist */,
				7554C2531D7800C900690997 /* Supporting Files */,
			);
			path = JsvaScriptsCoreForTest;
			sourceTree = "<group>";
		};
		7554C2531D7800C900690997 /* Supporting Files */ = {
			isa = PBXGroup;
			children = (
				7554C2541D7800C900690997 /* main.m */,
			);
			name = "Supporting Files";
			sourceTree = "<group>";
		};
		7554C26C1D7800CA00690997 /* JsvaScriptsCoreForTestTests */ = {
			isa = PBXGroup;
			children = (
				7554C26D1D7800CA00690997 /* JsvaScriptsCoreForTestTests.m */,
				7554C26F1D7800CA00690997 /* Info.plist */,
			);
			path = JsvaScriptsCoreForTestTests;
			sourceTree = "<group>";
		};
		7554C2771D7800CA00690997 /* JsvaScriptsCoreForTestUITests */ = {
			isa = PBXGroup;
			children = (
				7554C2781D7800CA00690997 /* JsvaScriptsCoreForTestUITests.m */,
				7554C27A1D7800CA00690997 /* Info.plist */,
			);
			path = JsvaScriptsCoreForTestUITests;
			sourceTree = "<group>";
		};
/* End PBXGroup section */

/* Begin PBXNativeTarget section */
		7554C24F1D7800C900690997 /* JsvaScriptsCoreForTest */ = {
			isa = PBXNativeTarget;
			buildConfigurationList = 7554C27D1D7800CA00690997 /* Build configuration list for PBXNativeTarget "JsvaScriptsCoreForTest" */;
			buildPhases = (
				7554C24C1D7800C900690997 /* Sources */,
				7554C24D1D7800C900690997 /* Frameworks */,
				7554C24E1D7800C900690997 /* Resources */,
			);
			buildRules = (
			);
			dependencies = (
			);
			name = JsvaScriptsCoreForTest;
			productName = JsvaScriptsCoreForTest;
			productReference = 7554C2501D7800C900690997 /* JsvaScriptsCoreForTest.app */;
			productType = "com.apple.product-type.application";
		};
		7554C2681D7800CA00690997 /* JsvaScriptsCoreForTestTests */ = {
			isa = PBXNativeTarget;
			buildConfigurationList = 7554C2801D7800CA00690997 /* Build configuration list for PBXNativeTarget "JsvaScriptsCoreForTestTests" */;
			buildPhases = (
				7554C2651D7800CA00690997 /* Sources */,
				7554C2661D7800CA00690997 /* Frameworks */,
				7554C2671D7800CA00690997 /* Resources */,
			);
			buildRules = (
			);
			dependencies = (
				7554C26B1D7800CA00690997 /* PBXTargetDependency */,
			);
			name = JsvaScriptsCoreForTestTests;
			productName = JsvaScriptsCoreForTestTests;
			productReference = 7554C2691D7800CA00690997 /* JsvaScriptsCoreForTestTests.xctest */;
			productType = "com.apple.product-type.bundle.unit-test";
		};
		7554C2731D7800CA00690997 /* JsvaScriptsCoreForTestUITests */ = {
			isa = PBXNativeTarget;
			buildConfigurationList = 7554C2831D7800CA00690997 /* Build configuration list for PBXNativeTarget "JsvaScriptsCoreForTestUITests" */;
			buildPhases = (
				7554C2701D7800CA00690997 /* Sources */,
				7554C2711D7800CA00690997 /* Frameworks */,
				7554C2721D7800CA00690997 /* Resources */,
			);
			buildRules = (
			);
			dependencies = (
				7554C2761D7800CA00690997 /* PBXTargetDependency */,
			);
			name = JsvaScriptsCoreForTestUITests;
			productName = JsvaScriptsCoreForTestUITests;
			productReference = 7554C2741D7800CA00690997 /* JsvaScriptsCoreForTestUITests.xctest */;
			productType = "com.apple.product-type.bundle.ui-testing";
		};
/* End PBXNativeTarget section */

/* Begin PBXProject section */
		7554C2481D7800C900690997 /* Project object */ = {
			isa = PBXProject;
			attributes = {
				LastUpgradeCheck = 0730;
				ORGANIZATIONNAME = zhangze;
				TargetAttributes = {
					7554C24F1D7800C900690997 = {
						CreatedOnToolsVersion = 7.3;
					};
					7554C2681D7800CA00690997 = {
						CreatedOnToolsVersion = 7.3;
						TestTargetID = 7554C24F1D7800C900690997;
					};
					7554C2731D7800CA00690997 = {
						CreatedOnToolsVersion = 7.3;
						TestTargetID = 7554C24F1D7800C900690997;
					};
				};
			};
			buildConfigurationList = 7554C24B1D7800C900690997 /* Build configuration list for PBXProject "JsvaScriptsCoreForTest" */;
			compatibilityVersion = "Xcode 3.2";
			developmentRegion = English;
			hasScannedForEncodings = 0;
			knownRegions = (
				en,
				Base,
			);
			mainGroup = 7554C2471D7800C900690997;
			productRefGroup = 7554C2511D7800C900690997 /* Products */;
			projectDirPath = "";
			projectRoot = "";
			targets = (
				7554C24F1D7800C900690997 /* JsvaScriptsCoreForTest */,
				7554C2681D7800CA00690997 /* JsvaScriptsCoreForTestTests */,
				7554C2731D7800CA00690997 /* JsvaScriptsCoreForTestUITests */,
			);
		};
/* End PBXProject section */

/* Begin PBXResourcesBuildPhase section */
		7554C24E1D7800C900690997 /* Resources */ = {
			isa = PBXResourcesBuildPhase;
			buildActionMask = 2147483647;
			files = (
				7554C2631D7800C900690997 /* LaunchScreen.storyboard in Resources */,
				7554C2601D7800C900690997 /* Assets.xcassets in Resources */,
				7554C25E1D7800C900690997 /* Main.storyboard in Resources */,
			);
			runOnlyForDeploymentPostprocessing = 0;
		};
		7554C2671D7800CA00690997 /* Resources */ = {
			isa = PBXResourcesBuildPhase;
			buildActionMask = 2147483647;
			files = (
			);
			runOnlyForDeploymentPostprocessing = 0;
		};
		7554C2721D7800CA00690997 /* Resources */ = {
			isa = PBXResourcesBuildPhase;
			buildActionMask = 2147483647;
			files = (
			);
			runOnlyForDeploymentPostprocessing = 0;
		};
/* End PBXResourcesBuildPhase section */

/* Begin PBXSourcesBuildPhase section */
		7554C24C1D7800C900690997 /* Sources */ = {
			isa = PBXSourcesBuildPhase;
			buildActionMask = 2147483647;
			files = (
				7554C25B1D7800C900690997 /* ViewController.m in Sources */,
				7554C2581D7800C900690997 /* AppDelegate.m in Sources */,
				7554C2551D7800C900690997 /* main.m in Sources */,
			);
			runOnlyForDeploymentPostprocessing = 0;
		};
		7554C2651D7800CA00690997 /* Sources */ = {
			isa = PBXSourcesBuildPhase;
			buildActionMask = 2147483647;
			files = (
				7554C26E1D7800CA00690997 /* JsvaScriptsCoreForTestTests.m in Sources */,
			);
			runOnlyForDeploymentPostprocessing = 0;
		};
		7554C2701D7800CA00690997 /* Sources */ = {
			isa = PBXSourcesBuildPhase;
			buildActionMask = 2147483647;
			files = (
				7554C2791D7800CA00690997 /* JsvaScriptsCoreForTestUITests.m in Sources */,
			);
			runOnlyForDeploymentPostprocessing = 0;
		};
/* End PBXSourcesBuildPhase section */

/* Begin PBXTargetDependency section */
		7554C26B1D7800CA00690997 /* PBXTargetDependency */ = {
			isa = PBXTargetDependency;
			target = 7554C24F1D7800C900690997 /* JsvaScriptsCoreForTest */;
			targetProxy = 7554C26A1D7800CA00690997 /* PBXContainerItemProxy */;
		};
		7554C2761D7800CA00690997 /* PBXTargetDependency */ = {
			isa = PBXTargetDependency;
			target = 7554C24F1D7800C900690997 /* JsvaScriptsCoreForTest */;
			targetProxy = 7554C2751D7800CA00690997 /* PBXContainerItemProxy */;
		};
/* End PBXTargetDependency section */

/* Begin PBXVariantGroup section */
		7554C25C1D7800C900690997 /* Main.storyboard */ = {
			isa = PBXVariantGroup;
			children = (
				7554C25D1D7800C900690997 /* Base */,
			);
			name = Main.storyboard;
			sourceTree = "<group>";
		};
		7554C2611D7800C900690997 /* LaunchScreen.storyboard */ = {
			isa = PBXVariantGroup;
			children = (
				7554C2621D7800C900690997 /* Base */,
			);
			name = LaunchScreen.storyboard;
			sourceTree = "<group>";
		};
/* End PBXVariantGroup section */

/* Begin XCBuildConfiguration section */
		7554C27B1D7800CA00690997 /* Debug */ = {
			isa = XCBuildConfiguration;
			buildSettings = {
				ALWAYS_SEARCH_USER_PATHS = NO;
				CLANG_ANALYZER_NONNULL = YES;
				CLANG_CXX_LANGUAGE_STANDARD = "gnu++0x";
				CLANG_CXX_LIBRARY = "libc++";
				CLANG_ENABLE_MODULES = YES;
				CLANG_ENABLE_OBJC_ARC = YES;
				CLANG_WARN_BOOL_CONVERSION = YES;
				CLANG_WARN_CONSTANT_CONVERSION = YES;
				CLANG_WARN_DIRECT_OBJC_ISA_USAGE = YES_ERROR;
				CLANG_WARN_EMPTY_BODY = YES;
				CLANG_WARN_ENUM_CONVERSION = YES;
				CLANG_WARN_INT_CONVERSION = YES;
				CLANG_WARN_OBJC_ROOT_CLASS = YES_ERROR;
				CLANG_WARN_UNREACHABLE_CODE = YES;
				CLANG_WARN__DUPLICATE_METHOD_MATCH = YES;
				"CODE_SIGN_IDENTITY[sdk=iphoneos*]" = "iPhone Developer";
				COPY_PHASE_STRIP = NO;
				DEBUG_INFORMATION_FORMAT = dwarf;
				ENABLE_STRICT_OBJC_MSGSEND = YES;
				ENABLE_TESTABILITY = YES;
				GCC_C_LANGUAGE_STANDARD = gnu99;
				GCC_DYNAMIC_NO_PIC = NO;
				GCC_NO_COMMON_BLOCKS = YES;
				GCC_OPTIMIZATION_LEVEL = 0;
				GCC_PREPROCESSOR_DEFINITIONS = (
					"DEBUG=1",
					"$(inherited)",
				);
				GCC_WARN_64_TO_32_BIT_CONVERSION = YES;
				GCC_WARN_ABOUT_RETURN_TYPE = YES_ERROR;
				GCC_WARN_UNDECLARED_SELECTOR = YES;
				GCC_WARN_UNINITIALIZED_AUTOS = YES_AGGRESSIVE;
				GCC_WARN_UNUSED_FUNCTION = YES;
				GCC_WARN_UNUSED_VARIABLE = YES;
				IPHONEOS_DEPLOYMENT_TARGET = 9.3;
				MTL_ENABLE_DEBUG_INFO = YES;
				ONLY_ACTIVE_ARCH = YES;
				SDKROOT = iphoneos;
			};
			name = Debug;
		};
		7554C27C1D7800CA00690997 /* Release */ = {
			isa = XCBuildConfiguration;
			buildSettings = {
				ALWAYS_SEARCH_USER_PATHS = NO;
				CLANG_ANALYZER_NONNULL = YES;
				CLANG_CXX_LANGUAGE_STANDARD = "gnu++0x";
				CLANG_CXX_LIBRARY = "libc++";
				CLANG_ENABLE_MODULES = YES;
				CLANG_ENABLE_OBJC_ARC = YES;
				CLANG_WARN_BOOL_CONVERSION = YES;
				CLANG_WARN_CONSTANT_CONVERSION = YES;
				CLANG_WARN_DIRECT_OBJC_ISA_USAGE = YES_ERROR;
				CLANG_WARN_EMPTY_BODY = YES;
				CLANG_WARN_ENUM_CONVERSION = YES;
				CLANG_WARN_INT_CONVERSION = YES;
				CLANG_WARN_OBJC_ROOT_CLASS = YES_ERROR;
				CLANG_WARN_UNREACHABLE_CODE = YES;
				CLANG_WARN__DUPLICATE_METHOD_MATCH = YES;
				"CODE_SIGN_IDENTITY[sdk=iphoneos*]" = "iPhone Developer";
				COPY_PHASE_STRIP = NO;
				DEBUG_INFORMATION_FORMAT = "dwarf-with-dsym";
				ENABLE_NS_ASSERTIONS = NO;
				ENABLE_STRICT_OBJC_MSGSEND = YES;
				GCC_C_LANGUAGE_STANDARD = gnu99;
				GCC_NO_COMMON_BLOCKS = YES;
				GCC_WARN_64_TO_32_BIT_CONVERSION = YES;
				GCC_WARN_ABOUT_RETURN_TYPE = YES_ERROR;
				GCC_WARN_UNDECLARED_SELECTOR = YES;
				GCC_WARN_UNINITIALIZED_AUTOS = YES_AGGRESSIVE;
				GCC_WARN_UNUSED_FUNCTION = YES;
				GCC_WARN_UNUSED_VARIABLE = YES;
				IPHONEOS_DEPLOYMENT_TARGET = 9.3;
				MTL_ENABLE_DEBUG_INFO = NO;
				SDKROOT = iphoneos;
				VALIDATE_PRODUCT = YES;
			};
			name = Release;
		};
		7554C27E1D7800CA00690997 /* Debug */ = {
			isa = XCBuildConfiguration;
			buildSettings = {
				ASSETCATALOG_COMPILER_APPICON_NAME = AppIcon;
				INFOPLIST_FILE = JsvaScriptsCoreForTest/Info.plist;
				LD_RUNPATH_SEARCH_PATHS = "$(inherited) @executable_path/Frameworks";
				PRODUCT_BUNDLE_IDENTIFIER = iwanbu.JsvaScriptsCoreForTest;
				PRODUCT_NAME = "$(TARGET_NAME)";
			};
			name = Debug;
		};
		7554C27F1D7800CA00690997 /* Release */ = {
			isa = XCBuildConfiguration;
			buildSettings = {
				ASSETCATALOG_COMPILER_APPICON_NAME = AppIcon;
				INFOPLIST_FILE = JsvaScriptsCoreForTest/Info.plist;
				LD_RUNPATH_SEARCH_PATHS = "$(inherited) @executable_path/Frameworks";
				PRODUCT_BUNDLE_IDENTIFIER = iwanbu.JsvaScriptsCoreForTest;
				PRODUCT_NAME = "$(TARGET_NAME)";
			};
			name = Release;
		};
		7554C2811D7800CA00690997 /* Debug */ = {
			isa = XCBuildConfiguration;
			buildSettings = {
				BUNDLE_LOADER = "$(TEST_HOST)";
				INFOPLIST_FILE = JsvaScriptsCoreForTestTests/Info.plist;
				LD_RUNPATH_SEARCH_PATHS = "$(inherited) @executable_path/Frameworks @loader_path/Frameworks";
				PRODUCT_BUNDLE_IDENTIFIER = iwanbu.JsvaScriptsCoreForTestTests;
				PRODUCT_NAME = "$(TARGET_NAME)";
				TEST_HOST = "$(BUILT_PRODUCTS_DIR)/JsvaScriptsCoreForTest.app/JsvaScriptsCoreForTest";
			};
			name = Debug;
		};
		7554C2821D7800CA00690997 /* Release */ = {
			isa = XCBuildConfiguration;
			buildSettings = {
				BUNDLE_LOADER = "$(TEST_HOST)";
				INFOPLIST_FILE = JsvaScriptsCoreForTestTests/Info.plist;
				LD_RUNPATH_SEARCH_PATHS = "$(inherited) @executable_path/Frameworks @loader_path/Frameworks";
				PRODUCT_BUNDLE_IDENTIFIER = iwanbu.JsvaScriptsCoreForTestTests;
				PRODUCT_NAME = "$(TARGET_NAME)";
				TEST_HOST = "$(BUILT_PRODUCTS_DIR)/JsvaScriptsCoreForTest.app/JsvaScriptsCoreForTest";
			};
			name = Release;
		};
		7554C2841D7800CA00690997 /* Debug */ = {
			isa = XCBuildConfiguration;
			buildSettings = {
				INFOPLIST_FILE = JsvaScriptsCoreForTestUITests/Info.plist;
				LD_RUNPATH_SEARCH_PATHS = "$(inherited) @executable_path/Frameworks @loader_path/Frameworks";
				PRODUCT_BUNDLE_IDENTIFIER = iwanbu.JsvaScriptsCoreForTestUITests;
				PRODUCT_NAME = "$(TARGET_NAME)";
				TEST_TARGET_NAME = JsvaScriptsCoreForTest;
			};
			name = Debug;
		};
		7554C2851D7800CA00690997 /* Release */ = {
			isa = XCBuildConfiguration;
			buildSettings = {
				INFOPLIST_FILE = JsvaScriptsCoreForTestUITests/Info.plist;
				LD_RUNPATH_SEARCH_PATHS = "$(inherited) @executable_path/Frameworks @loader_path/Frameworks";
				PRODUCT_BUNDLE_IDENTIFIER = iwanbu.JsvaScriptsCoreForTestUITests;
				PRODUCT_NAME = "$(TARGET_NAME)";
				TEST_TARGET_NAME = JsvaScriptsCoreForTest;
			};
			name = Release;
		};
/* End XCBuildConfiguration section */

/* Begin XCConfigurationList section */
		7554C24B1D7800C900690997 /* Build configuration list for PBXProject "JsvaScriptsCoreForTest" */ = {
			isa = XCConfigurationList;
			buildConfigurations = (
				7554C27B1D7800CA00690997 /* Debug */,
				7554C27C1D7800CA00690997 /* Release */,
			);
			defaultConfigurationIsVisible = 0;
			defaultConfigurationName = Release;
		};
		7554C27D1D7800CA00690997 /* Build configuration list for PBXNativeTarget "JsvaScriptsCoreForTest" */ = {
			isa = XCConfigurationList;
			buildConfigurations = (
				7554C27E1D7800CA00690997 /* Debug */,
				7554C27F1D7800CA00690997 /* Release */,
			);
			defaultConfigurationIsVisible = 0;
		};
		7554C2801D7800CA00690997 /* Build configuration list for PBXNativeTarget "JsvaScriptsCoreForTestTests" */ = {
			isa = XCConfigurationList;
			buildConfigurations = (
				7554C2811D7800CA00690997 /* Debug */,
				7554C2821D7800CA00690997 /* Release */,
			);
			defaultConfigurationIsVisible = 0;
		};
		7554C2831D7800CA00690997 /* Build configuration list for PBXNativeTarget "JsvaScriptsCoreForTestUITests" */ = {
			isa = XCConfigurationList;
			buildConfigurations = (
				7554C2841D7800CA00690997 /* Debug */,
				7554C2851D7800CA00690997 /* Release */,
			);
			defaultConfigurationIsVisible = 0;
		};
/* End XCConfigurationList section */
	};
	rootObject = 7554C2481D7800C900690997 /* Project object */;
}
